
Microsoft Visual Studio Solution File, Format Version 12.00
# Visual Studio Version 17
VisualStudioVersion = 17.13.35931.197 d17.13
MinimumVisualStudioVersion = 10.0.40219.1
Project("{8BC9CEB8-8B4A-11D0-8D11-00A0C91BC942}") = "BuySell_A", "BuySell_A.vcxproj", "{704A6C9D-F6E8-4BEC-BBDB-5CB2F25EBA58}"
EndProject
Global
	GlobalSection(SolutionConfigurationPlatforms) = preSolution
		Debug|x64 = Debug|x64
		Debug|x86 = Debug|x86
		Release|x64 = Release|x64
		Release|x86 = Release|x86
	EndGlobalSection
	GlobalSection(ProjectConfigurationPlatforms) = postSolution
		{704A6C9D-F6E8-4BEC-BBDB-5CB2F25EBA58}.Debug|x64.ActiveCfg = Debug|x64
		{704A6C9D-F6E8-4BEC-BBDB-5CB2F25EBA58}.Debug|x64.Build.0 = Debug|x64
		{704A6C9D-F6E8-4BEC-BBDB-5CB2F25EBA58}.Debug|x86.ActiveCfg = Debug|Win32
		{704A6C9D-F6E8-4BEC-BBDB-5CB2F25EBA58}.Debug|x86.Build.0 = Debug|Win32
		{704A6C9D-F6E8-4BEC-BBDB-5CB2F25EBA58}.Release|x64.ActiveCfg = Release|x64
		{704A6C9D-F6E8-4BEC-BBDB-5CB2F25EBA58}.Release|x64.Build.0 = Release|x64
		{704A6C9D-F6E8-4BEC-BBDB-5CB2F25EBA58}.Release|x86.ActiveCfg = Release|Win32
		{704A6C9D-F6E8-4BEC-BBDB-5CB2F25EBA58}.Release|x86.Build.0 = Release|Win32
	EndGlobalSection
	GlobalSection(SolutionProperties) = preSolution
		HideSolutionNode = FALSE
	EndGlobalSection
	GlobalSection(ExtensibilityGlobals) = postSolution
		SolutionGuid = {EC647C0C-426B-41C5-A64E-45C4E006EFC5}
	EndGlobalSection
EndGlobal
